
Microsoft Visual Studio Solution File, Format Version 12.00
# Visual Studio Version 17
VisualStudioVersion = 17.7.34009.444
MinimumVisualStudioVersion = 10.0.40219.1
Project("{FAE04EC0-301F-11D3-BF4B-00C04F79EFBC}") = "KtunnusSalasana", "KtunnusSalasana\KtunnusSalasana.csproj", "{9172EFB8-4E33-4DCD-B277-F4506ADF2570}"
EndProject
Global
	GlobalSection(SolutionConfigurationPlatforms) = preSolution
		Debug|Any CPU = Debug|Any CPU
		Release|Any CPU = Release|Any CPU
	EndGlobalSection
	GlobalSection(ProjectConfigurationPlatforms) = postSolution
		{9172EFB8-4E33-4DCD-B277-F4506ADF2570}.Debug|Any CPU.ActiveCfg = Debug|Any CPU
		{9172EFB8-4E33-4DCD-B277-F4506ADF2570}.Debug|Any CPU.Build.0 = Debug|Any CPU
		{9172EFB8-4E33-4DCD-B277-F4506ADF2570}.Release|Any CPU.ActiveCfg = Release|Any CPU
		{9172EFB8-4E33-4DCD-B277-F4506ADF2570}.Release|Any CPU.Build.0 = Release|Any CPU
	EndGlobalSection
	GlobalSection(SolutionProperties) = preSolution
		HideSolutionNode = FALSE
	EndGlobalSection
	GlobalSection(ExtensibilityGlobals) = postSolution
		SolutionGuid = {DE471940-E4FC-44C0-A8C1-4EE801FD77E6}
	EndGlobalSection
EndGlobal
